{
  "requires": true,
  "lockfileVersion": 1,
  "dependencies": {
    "penner": {
      "version": "0.1.3",
      "resolved": "https://registry.npmjs.org/penner/-/penner-0.1.3.tgz",
      "integrity": "sha1-C4tILU6bOa8vPXw3WSIpuKzClwU="
    },
    "pixi-viewport": {
      "version": "4.3.1",
      "resolved": "https://registry.npmjs.org/pixi-viewport/-/pixi-viewport-4.3.1.tgz",
      "integrity": "sha512-7O5s2Lxd2j8d+efBl5refFSd+kC+T3P0GCcv+GaRmX6zuEM2b+5AFrDixzf/w8mJcYplCL8H6dFT4t3ruoZLRQ==",
      "requires": {
        "penner": "^0.1.3"
      }
    }
  }
}
